
Microsoft Visual Studio Solution File, Format Version 12.00
# Visual Studio 15
VisualStudioVersion = 15.0.28307.852
MinimumVisualStudioVersion = 10.0.40219.1
Project("{840C416C-B8F3-42BC-B0DD-F6BB14C9F8CB}") = "Instalador sinaptron", "Instalador sinaptron\Instalador sinaptron.aiproj", "{62C3FE25-9903-4D3E-8EAE-48CF4D63BFF1}"
EndProject
Global
	GlobalSection(SolutionConfigurationPlatforms) = preSolution
		All|Default = All|Default
	EndGlobalSection
	GlobalSection(ProjectConfigurationPlatforms) = postSolution
		{62C3FE25-9903-4D3E-8EAE-48CF4D63BFF1}.All|Default.ActiveCfg = DefaultBuild
		{62C3FE25-9903-4D3E-8EAE-48CF4D63BFF1}.All|Default.Build.0 = DefaultBuild
	EndGlobalSection
	GlobalSection(SolutionProperties) = preSolution
		HideSolutionNode = FALSE
	EndGlobalSection
	GlobalSection(ExtensibilityGlobals) = postSolution
		SolutionGuid = {0D7917A2-1DDB-4514-B645-248D0D22CD3E}
	EndGlobalSection
EndGlobal
